
Microsoft Visual Studio Solution File, Format Version 12.00
# Visual Studio Version 17
VisualStudioVersion = 17.2.32616.157
MinimumVisualStudioVersion = 10.0.40219.1
Project("{FAE04EC0-301F-11D3-BF4B-00C04F79EFBC}") = "InorderTraversal", "InorderTraversal.csproj", "{57EED949-A8CE-4F28-B9F9-659E9AEFD97A}"
EndProject
Global
	GlobalSection(SolutionConfigurationPlatforms) = preSolution
		Debug|Any CPU = Debug|Any CPU
		Release|Any CPU = Release|Any CPU
	EndGlobalSection
	GlobalSection(ProjectConfigurationPlatforms) = postSolution
		{57EED949-A8CE-4F28-B9F9-659E9AEFD97A}.Debug|Any CPU.ActiveCfg = Debug|Any CPU
		{57EED949-A8CE-4F28-B9F9-659E9AEFD97A}.Debug|Any CPU.Build.0 = Debug|Any CPU
		{57EED949-A8CE-4F28-B9F9-659E9AEFD97A}.Release|Any CPU.ActiveCfg = Release|Any CPU
		{57EED949-A8CE-4F28-B9F9-659E9AEFD97A}.Release|Any CPU.Build.0 = Release|Any CPU
	EndGlobalSection
	GlobalSection(SolutionProperties) = preSolution
		HideSolutionNode = FALSE
	EndGlobalSection
	GlobalSection(ExtensibilityGlobals) = postSolution
		SolutionGuid = {E9CA8515-62C2-4415-A58F-D52B4950AC79}
	EndGlobalSection
EndGlobal
